
Microsoft Visual Studio Solution File, Format Version 12.00
# Visual Studio Version 17
VisualStudioVersion = 17.0.31912.275
MinimumVisualStudioVersion = 10.0.40219.1
Project("{888888A0-9F3D-457C-B088-3A5042F75D52}") = "LabExer2A_2020161610", "LabExer2A_2020161610\LabExer2A_2020161610.pyproj", "{C11A0B24-366F-494A-B9E7-7751A6935076}"
EndProject
Global
	GlobalSection(SolutionConfigurationPlatforms) = preSolution
		Debug|Any CPU = Debug|Any CPU
		Release|Any CPU = Release|Any CPU
	EndGlobalSection
	GlobalSection(ProjectConfigurationPlatforms) = postSolution
		{C11A0B24-366F-494A-B9E7-7751A6935076}.Debug|Any CPU.ActiveCfg = Debug|Any CPU
		{C11A0B24-366F-494A-B9E7-7751A6935076}.Release|Any CPU.ActiveCfg = Release|Any CPU
	EndGlobalSection
	GlobalSection(SolutionProperties) = preSolution
		HideSolutionNode = FALSE
	EndGlobalSection
	GlobalSection(ExtensibilityGlobals) = postSolution
		SolutionGuid = {5CB2B9A6-CE28-4B17-ACBB-3E34A22CA0D2}
	EndGlobalSection
EndGlobal
